// !$*UTF8*$!
{
	archiveVersion = 1;
	classes = {
	};
	objectVersion = 46;
	objects = {

/* Begin PBXBuildFile section */
		FEA68CE01D38D2B90087ABD1 /* Circle.png in Resources */ = {isa = PBXBuildFile; fileRef = FEA68CD21D38D2B90087ABD1 /* Circle.png */; };
		FEA68CE11D38D2B90087ABD1 /* close.png in Resources */ = {isa = PBXBuildFile; fileRef = FEA68CD31D38D2B90087ABD1 /* close.png */; };
		FEA68CE21D38D2B90087ABD1 /* dots.png in Resources */ = {isa = PBXBuildFile; fileRef = FEA68CD41D38D2B90087ABD1 /* dots.png */; };
		FEA68CE31D38D2B90087ABD1 /* face1.png in Resources */ = {isa = PBXBuildFile; fileRef = FEA68CD51D38D2B90087ABD1 /* face1.png */; };
		FEA68CE41D38D2B90087ABD1 /* face2.png in Resources */ = {isa = PBXBuildFile; fileRef = FEA68CD61D38D2B90087ABD1 /* face2.png */; };
		FEA68CE51D38D2B90087ABD1 /* heand.png in Resources */ = {isa = PBXBuildFile; fileRef = FEA68CD71D38D2B90087ABD1 /* heand.png */; };
		FEA68CE61D38D2B90087ABD1 /* icons.png in Resources */ = {isa = PBXBuildFile; fileRef = FEA68CD81D38D2B90087ABD1 /* icons.png */; };
		FEA68CE71D38D2B90087ABD1 /* image.png in Resources */ = {isa = PBXBuildFile; fileRef = FEA68CD91D38D2B90087ABD1 /* image.png */; };
		FEA68CE81D38D2B90087ABD1 /* map.png in Resources */ = {isa = PBXBuildFile; fileRef = FEA68CDA1D38D2B90087ABD1 /* map.png */; };
		FEA68CE91D38D2B90087ABD1 /* pinIcon.pdf in Resources */ = {isa = PBXBuildFile; fileRef = FEA68CDB1D38D2B90087ABD1 /* pinIcon.pdf */; };
		FEA68CEA1D38D2B90087ABD1 /* pngIcon.png in Resources */ = {isa = PBXBuildFile; fileRef = FEA68CDC1D38D2B90087ABD1 /* pngIcon.png */; };
		FEA68CEB1D38D2B90087ABD1 /* search(f).png in Resources */ = {isa = PBXBuildFile; fileRef = FEA68CDD1D38D2B90087ABD1 /* search(f).png */; };
		FEA68CEC1D38D2B90087ABD1 /* stars.png in Resources */ = {isa = PBXBuildFile; fileRef = FEA68CDE1D38D2B90087ABD1 /* stars.png */; };
		FEA68CED1D38D2B90087ABD1 /* text-1.png in Resources */ = {isa = PBXBuildFile; fileRef = FEA68CDF1D38D2B90087ABD1 /* text-1.png */; };
		FEA68CF01D38D6380087ABD1 /* ColectionModel.m in Sources */ = {isa = PBXBuildFile; fileRef = FEA68CEF1D38D6380087ABD1 /* ColectionModel.m */; };
		FEB0E72B1D3780730038C2C9 /* main.m in Sources */ = {isa = PBXBuildFile; fileRef = FEB0E72A1D3780730038C2C9 /* main.m */; };
		FEB0E72E1D3780730038C2C9 /* AppDelegate.m in Sources */ = {isa = PBXBuildFile; fileRef = FEB0E72D1D3780730038C2C9 /* AppDelegate.m */; };
		FEB0E7311D3780730038C2C9 /* ViewController.m in Sources */ = {isa = PBXBuildFile; fileRef = FEB0E7301D3780730038C2C9 /* ViewController.m */; };
		FEB0E7341D3780730038C2C9 /* Main.storyboard in Resources */ = {isa = PBXBuildFile; fileRef = FEB0E7321D3780730038C2C9 /* Main.storyboard */; };
		FEB0E7361D3780730038C2C9 /* Assets.xcassets in Resources */ = {isa = PBXBuildFile; fileRef = FEB0E7351D3780730038C2C9 /* Assets.xcassets */; };
		FEB0E7391D3780730038C2C9 /* LaunchScreen.storyboard in Resources */ = {isa = PBXBuildFile; fileRef = FEB0E7371D3780730038C2C9 /* LaunchScreen.storyboard */; };
		FEB0E7441D3780730038C2C9 /* Transition1Tests.m in Sources */ = {isa = PBXBuildFile; fileRef = FEB0E7431D3780730038C2C9 /* Transition1Tests.m */; };
		FEB0E74F1D3780730038C2C9 /* Transition1UITests.m in Sources */ = {isa = PBXBuildFile; fileRef = FEB0E74E1D3780730038C2C9 /* Transition1UITests.m */; };
		FEB0E7671D3789140038C2C9 /* CollectionViewCell.m in Sources */ = {isa = PBXBuildFile; fileRef = FEB0E7651D3789140038C2C9 /* CollectionViewCell.m */; };
		FEB0E7681D3789140038C2C9 /* CollectionViewCell.xib in Resources */ = {isa = PBXBuildFile; fileRef = FEB0E7661D3789140038C2C9 /* CollectionViewCell.xib */; };
		FEBFF6111D3871270047749B /* CustomLayout.m in Sources */ = {isa = PBXBuildFile; fileRef = FEBFF6101D3871270047749B /* CustomLayout.m */; };
		FEBFF61D1D38B0F40047749B /* item0.png in Resources */ = {isa = PBXBuildFile; fileRef = FEBFF61C1D38B0F40047749B /* item0.png */; };
		FEBFF61F1D38B1080047749B /* item1.png in Resources */ = {isa = PBXBuildFile; fileRef = FEBFF61E1D38B1080047749B /* item1.png */; };
		FEBFF6211D38B1160047749B /* item2.png in Resources */ = {isa = PBXBuildFile; fileRef = FEBFF6201D38B1160047749B /* item2.png */; };
		FEBFF6231D38B1210047749B /* item3.png in Resources */ = {isa = PBXBuildFile; fileRef = FEBFF6221D38B1210047749B /* item3.png */; };
/* End PBXBuildFile section */

/* Begin PBXContainerItemProxy section */
		FEB0E7401D3780730038C2C9 /* PBXContainerItemProxy */ = {
			isa = PBXContainerItemProxy;
			containerPortal = FEB0E71E1D3780730038C2C9 /* Project object */;
			proxyType = 1;
			remoteGlobalIDString = FEB0E7251D3780730038C2C9;
			remoteInfo = Transition1;
		};
		FEB0E74B1D3780730038C2C9 /* PBXContainerItemProxy */ = {
			isa = PBXContainerItemProxy;
			containerPortal = FEB0E71E1D3780730038C2C9 /* Project object */;
			proxyType = 1;
			remoteGlobalIDString = FEB0E7251D3780730038C2C9;
			remoteInfo = Transition1;
		};
/* End PBXContainerItemProxy section */

/* Begin PBXFileReference section */
		FEA68CD21D38D2B90087ABD1 /* Circle.png */ = {isa = PBXFileReference; lastKnownFileType = image.png; path = Circle.png; sourceTree = "<group>"; };
		FEA68CD31D38D2B90087ABD1 /* close.png */ = {isa = PBXFileReference; lastKnownFileType = image.png; path = close.png; sourceTree = "<group>"; };
		FEA68CD41D38D2B90087ABD1 /* dots.png */ = {isa = PBXFileReference; lastKnownFileType = image.png; path = dots.png; sourceTree = "<group>"; };
		FEA68CD51D38D2B90087ABD1 /* face1.png */ = {isa = PBXFileReference; lastKnownFileType = image.png; path = face1.png; sourceTree = "<group>"; };
		FEA68CD61D38D2B90087ABD1 /* face2.png */ = {isa = PBXFileReference; lastKnownFileType = image.png; path = face2.png; sourceTree = "<group>"; };
		FEA68CD71D38D2B90087ABD1 /* heand.png */ = {isa = PBXFileReference; lastKnownFileType = image.png; path = heand.png; sourceTree = "<group>"; };
		FEA68CD81D38D2B90087ABD1 /* icons.png */ = {isa = PBXFileReference; lastKnownFileType = image.png; path = icons.png; sourceTree = "<group>"; };
		FEA68CD91D38D2B90087ABD1 /* image.png */ = {isa = PBXFileReference; lastKnownFileType = image.png; path = image.png; sourceTree = "<group>"; };
		FEA68CDA1D38D2B90087ABD1 /* map.png */ = {isa = PBXFileReference; lastKnownFileType = image.png; path = map.png; sourceTree = "<group>"; };
		FEA68CDB1D38D2B90087ABD1 /* pinIcon.pdf */ = {isa = PBXFileReference; lastKnownFileType = image.pdf; path = pinIcon.pdf; sourceTree = "<group>"; };
		FEA68CDC1D38D2B90087ABD1 /* pngIcon.png */ = {isa = PBXFileReference; lastKnownFileType = image.png; path = pngIcon.png; sourceTree = "<group>"; };
		FEA68CDD1D38D2B90087ABD1 /* search(f).png */ = {isa = PBXFileReference; lastKnownFileType = image.png; path = "search(f).png"; sourceTree = "<group>"; };
		FEA68CDE1D38D2B90087ABD1 /* stars.png */ = {isa = PBXFileReference; lastKnownFileType = image.png; path = stars.png; sourceTree = "<group>"; };
		FEA68CDF1D38D2B90087ABD1 /* text-1.png */ = {isa = PBXFileReference; lastKnownFileType = image.png; path = "text-1.png"; sourceTree = "<group>"; };
		FEA68CEE1D38D6380087ABD1 /* ColectionModel.h */ = {isa = PBXFileReference; fileEncoding = 4; lastKnownFileType = sourcecode.c.h; path = ColectionModel.h; sourceTree = "<group>"; };
		FEA68CEF1D38D6380087ABD1 /* ColectionModel.m */ = {isa = PBXFileReference; fileEncoding = 4; lastKnownFileType = sourcecode.c.objc; path = ColectionModel.m; sourceTree = "<group>"; };
		FEB0E7261D3780730038C2C9 /* Transition1.app */ = {isa = PBXFileReference; explicitFileType = wrapper.application; includeInIndex = 0; path = Transition1.app; sourceTree = BUILT_PRODUCTS_DIR; };
		FEB0E72A1D3780730038C2C9 /* main.m */ = {isa = PBXFileReference; lastKnownFileType = sourcecode.c.objc; path = main.m; sourceTree = "<group>"; };
		FEB0E72C1D3780730038C2C9 /* AppDelegate.h */ = {isa = PBXFileReference; lastKnownFileType = sourcecode.c.h; path = AppDelegate.h; sourceTree = "<group>"; };
		FEB0E72D1D3780730038C2C9 /* AppDelegate.m */ = {isa = PBXFileReference; lastKnownFileType = sourcecode.c.objc; path = AppDelegate.m; sourceTree = "<group>"; };
		FEB0E72F1D3780730038C2C9 /* ViewController.h */ = {isa = PBXFileReference; lastKnownFileType = sourcecode.c.h; path = ViewController.h; sourceTree = "<group>"; };
		FEB0E7301D3780730038C2C9 /* ViewController.m */ = {isa = PBXFileReference; lastKnownFileType = sourcecode.c.objc; path = ViewController.m; sourceTree = "<group>"; };
		FEB0E7331D3780730038C2C9 /* Base */ = {isa = PBXFileReference; lastKnownFileType = file.storyboard; name = Base; path = Base.lproj/Main.storyboard; sourceTree = "<group>"; };
		FEB0E7351D3780730038C2C9 /* Assets.xcassets */ = {isa = PBXFileReference; lastKnownFileType = folder.assetcatalog; path = Assets.xcassets; sourceTree = "<group>"; };
		FEB0E7381D3780730038C2C9 /* Base */ = {isa = PBXFileReference; lastKnownFileType = file.storyboard; name = Base; path = Base.lproj/LaunchScreen.storyboard; sourceTree = "<group>"; };
		FEB0E73A1D3780730038C2C9 /* Info.plist */ = {isa = PBXFileReference; lastKnownFileType = text.plist.xml; path = Info.plist; sourceTree = "<group>"; };
		FEB0E73F1D3780730038C2C9 /* Transition1Tests.xctest */ = {isa = PBXFileReference; explicitFileType = wrapper.cfbundle; includeInIndex = 0; path = Transition1Tests.xctest; sourceTree = BUILT_PRODUCTS_DIR; };
		FEB0E7431D3780730038C2C9 /* Transition1Tests.m */ = {isa = PBXFileReference; lastKnownFileType = sourcecode.c.objc; path = Transition1Tests.m; sourceTree = "<group>"; };
		FEB0E7451D3780730038C2C9 /* Info.plist */ = {isa = PBXFileReference; lastKnownFileType = text.plist.xml; path = Info.plist; sourceTree = "<group>"; };
		FEB0E74A1D3780730038C2C9 /* Transition1UITests.xctest */ = {isa = PBXFileReference; explicitFileType = wrapper.cfbundle; includeInIndex = 0; path = Transition1UITests.xctest; sourceTree = BUILT_PRODUCTS_DIR; };
		FEB0E74E1D3780730038C2C9 /* Transition1UITests.m */ = {isa = PBXFileReference; lastKnownFileType = sourcecode.c.objc; path = Transition1UITests.m; sourceTree = "<group>"; };
		FEB0E7501D3780730038C2C9 /* Info.plist */ = {isa = PBXFileReference; lastKnownFileType = text.plist.xml; path = Info.plist; sourceTree = "<group>"; };
		FEB0E7641D3789140038C2C9 /* CollectionViewCell.h */ = {isa = PBXFileReference; fileEncoding = 4; lastKnownFileType = sourcecode.c.h; path = CollectionViewCell.h; sourceTree = "<group>"; };
		FEB0E7651D3789140038C2C9 /* CollectionViewCell.m */ = {isa = PBXFileReference; fileEncoding = 4; lastKnownFileType = sourcecode.c.objc; path = CollectionViewCell.m; sourceTree = "<group>"; };
		FEB0E7661D3789140038C2C9 /* CollectionViewCell.xib */ = {isa = PBXFileReference; fileEncoding = 4; lastKnownFileType = file.xib; path = CollectionViewCell.xib; sourceTree = "<group>"; };
		FEBFF60F1D3871270047749B /* CustomLayout.h */ = {isa = PBXFileReference; fileEncoding = 4; lastKnownFileType = sourcecode.c.h; path = CustomLayout.h; sourceTree = "<group>"; };
		FEBFF6101D3871270047749B /* CustomLayout.m */ = {isa = PBXFileReference; fileEncoding = 4; lastKnownFileType = sourcecode.c.objc; path = CustomLayout.m; sourceTree = "<group>"; };
		FEBFF61C1D38B0F40047749B /* item0.png */ = {isa = PBXFileReference; lastKnownFileType = image.png; path = item0.png; sourceTree = "<group>"; };
		FEBFF61E1D38B1080047749B /* item1.png */ = {isa = PBXFileReference; lastKnownFileType = image.png; path = item1.png; sourceTree = "<group>"; };
		FEBFF6201D38B1160047749B /* item2.png */ = {isa = PBXFileReference; lastKnownFileType = image.png; path = item2.png; sourceTree = "<group>"; };
		FEBFF6221D38B1210047749B /* item3.png */ = {isa = PBXFileReference; lastKnownFileType = image.png; path = item3.png; sourceTree = "<group>"; };
/* End PBXFileReference section */

/* Begin PBXFrameworksBuildPhase section */
		FEB0E7231D3780730038C2C9 /* Frameworks */ = {
			isa = PBXFrameworksBuildPhase;
			buildActionMask = 2147483647;
			files = (
			);
			runOnlyForDeploymentPostprocessing = 0;
		};
		FEB0E73C1D3780730038C2C9 /* Frameworks */ = {
			isa = PBXFrameworksBuildPhase;
			buildActionMask = 2147483647;
			files = (
			);
			runOnlyForDeploymentPostprocessing = 0;
		};
		FEB0E7471D3780730038C2C9 /* Frameworks */ = {
			isa = PBXFrameworksBuildPhase;
			buildActionMask = 2147483647;
			files = (
			);
			runOnlyForDeploymentPostprocessing = 0;
		};
/* End PBXFrameworksBuildPhase section */

/* Begin PBXGroup section */
		FEB0E71D1D3780730038C2C9 = {
			isa = PBXGroup;
			children = (
				FEB0E7281D3780730038C2C9 /* Transition1 */,
				FEB0E7421D3780730038C2C9 /* Transition1Tests */,
				FEB0E74D1D3780730038C2C9 /* Transition1UITests */,
				FEB0E7271D3780730038C2C9 /* Products */,
			);
			sourceTree = "<group>";
		};
		FEB0E7271D3780730038C2C9 /* Products */ = {
			isa = PBXGroup;
			children = (
				FEB0E7261D3780730038C2C9 /* Transition1.app */,
				FEB0E73F1D3780730038C2C9 /* Transition1Tests.xctest */,
				FEB0E74A1D3780730038C2C9 /* Transition1UITests.xctest */,
			);
			name = Products;
			sourceTree = "<group>";
		};
		FEB0E7281D3780730038C2C9 /* Transition1 */ = {
			isa = PBXGroup;
			children = (
				FEBFF61C1D38B0F40047749B /* item0.png */,
				FEA68CD21D38D2B90087ABD1 /* Circle.png */,
				FEA68CD31D38D2B90087ABD1 /* close.png */,
				FEA68CD41D38D2B90087ABD1 /* dots.png */,
				FEA68CD51D38D2B90087ABD1 /* face1.png */,
				FEA68CD61D38D2B90087ABD1 /* face2.png */,
				FEA68CD71D38D2B90087ABD1 /* heand.png */,
				FEA68CD81D38D2B90087ABD1 /* icons.png */,
				FEA68CD91D38D2B90087ABD1 /* image.png */,
				FEA68CDA1D38D2B90087ABD1 /* map.png */,
				FEA68CDB1D38D2B90087ABD1 /* pinIcon.pdf */,
				FEA68CDC1D38D2B90087ABD1 /* pngIcon.png */,
				FEA68CDD1D38D2B90087ABD1 /* search(f).png */,
				FEA68CDE1D38D2B90087ABD1 /* stars.png */,
				FEA68CDF1D38D2B90087ABD1 /* text-1.png */,
				FEBFF61E1D38B1080047749B /* item1.png */,
				FEBFF6201D38B1160047749B /* item2.png */,
				FEBFF6221D38B1210047749B /* item3.png */,
				FEB0E72C1D3780730038C2C9 /* AppDelegate.h */,
				FEB0E72D1D3780730038C2C9 /* AppDelegate.m */,
				FEB0E72F1D3780730038C2C9 /* ViewController.h */,
				FEB0E7301D3780730038C2C9 /* ViewController.m */,
				FEB0E7641D3789140038C2C9 /* CollectionViewCell.h */,
				FEB0E7651D3789140038C2C9 /* CollectionViewCell.m */,
				FEB0E7661D3789140038C2C9 /* CollectionViewCell.xib */,
				FEA68CEE1D38D6380087ABD1 /* ColectionModel.h */,
				FEA68CEF1D38D6380087ABD1 /* ColectionModel.m */,
				FEBFF60F1D3871270047749B /* CustomLayout.h */,
				FEBFF6101D3871270047749B /* CustomLayout.m */,
				FEB0E7321D3780730038C2C9 /* Main.storyboard */,
				FEB0E7351D3780730038C2C9 /* Assets.xcassets */,
				FEB0E7371D3780730038C2C9 /* LaunchScreen.storyboard */,
				FEB0E73A1D3780730038C2C9 /* Info.plist */,
				FEB0E7291D3780730038C2C9 /* Supporting Files */,
			);
			path = Transition1;
			sourceTree = "<group>";
		};
		FEB0E7291D3780730038C2C9 /* Supporting Files */ = {
			isa = PBXGroup;
			children = (
				FEB0E72A1D3780730038C2C9 /* main.m */,
			);
			name = "Supporting Files";
			sourceTree = "<group>";
		};
		FEB0E7421D3780730038C2C9 /* Transition1Tests */ = {
			isa = PBXGroup;
			children = (
				FEB0E7431D3780730038C2C9 /* Transition1Tests.m */,
				FEB0E7451D3780730038C2C9 /* Info.plist */,
			);
			path = Transition1Tests;
			sourceTree = "<group>";
		};
		FEB0E74D1D3780730038C2C9 /* Transition1UITests */ = {
			isa = PBXGroup;
			children = (
				FEB0E74E1D3780730038C2C9 /* Transition1UITests.m */,
				FEB0E7501D3780730038C2C9 /* Info.plist */,
			);
			path = Transition1UITests;
			sourceTree = "<group>";
		};
/* End PBXGroup section */

/* Begin PBXNativeTarget section */
		FEB0E7251D3780730038C2C9 /* Transition1 */ = {
			isa = PBXNativeTarget;
			buildConfigurationList = FEB0E7531D3780730038C2C9 /* Build configuration list for PBXNativeTarget "Transition1" */;
			buildPhases = (
				FEB0E7221D3780730038C2C9 /* Sources */,
				FEB0E7231D3780730038C2C9 /* Frameworks */,
				FEB0E7241D3780730038C2C9 /* Resources */,
			);
			buildRules = (
			);
			dependencies = (
			);
			name = Transition1;
			productName = Transition1;
			productReference = FEB0E7261D3780730038C2C9 /* Transition1.app */;
			productType = "com.apple.product-type.application";
		};
		FEB0E73E1D3780730038C2C9 /* Transition1Tests */ = {
			isa = PBXNativeTarget;
			buildConfigurationList = FEB0E7561D3780730038C2C9 /* Build configuration list for PBXNativeTarget "Transition1Tests" */;
			buildPhases = (
				FEB0E73B1D3780730038C2C9 /* Sources */,
				FEB0E73C1D3780730038C2C9 /* Frameworks */,
				FEB0E73D1D3780730038C2C9 /* Resources */,
			);
			buildRules = (
			);
			dependencies = (
				FEB0E7411D3780730038C2C9 /* PBXTargetDependency */,
			);
			name = Transition1Tests;
			productName = Transition1Tests;
			productReference = FEB0E73F1D3780730038C2C9 /* Transition1Tests.xctest */;
			productType = "com.apple.product-type.bundle.unit-test";
		};
		FEB0E7491D3780730038C2C9 /* Transition1UITests */ = {
			isa = PBXNativeTarget;
			buildConfigurationList = FEB0E7591D3780730038C2C9 /* Build configuration list for PBXNativeTarget "Transition1UITests" */;
			buildPhases = (
				FEB0E7461D3780730038C2C9 /* Sources */,
				FEB0E7471D3780730038C2C9 /* Frameworks */,
				FEB0E7481D3780730038C2C9 /* Resources */,
			);
			buildRules = (
			);
			dependencies = (
				FEB0E74C1D3780730038C2C9 /* PBXTargetDependency */,
			);
			name = Transition1UITests;
			productName = Transition1UITests;
			productReference = FEB0E74A1D3780730038C2C9 /* Transition1UITests.xctest */;
			productType = "com.apple.product-type.bundle.ui-testing";
		};
/* End PBXNativeTarget section */

/* Begin PBXProject section */
		FEB0E71E1D3780730038C2C9 /* Project object */ = {
			isa = PBXProject;
			attributes = {
				LastUpgradeCheck = 0730;
				ORGANIZATIONNAME = "bmxd-002";
				TargetAttributes = {
					FEB0E7251D3780730038C2C9 = {
						CreatedOnToolsVersion = 7.3;
						DevelopmentTeam = 786NH6D36V;
					};
					FEB0E73E1D3780730038C2C9 = {
						CreatedOnToolsVersion = 7.3;
						TestTargetID = FEB0E7251D3780730038C2C9;
					};
					FEB0E7491D3780730038C2C9 = {
						CreatedOnToolsVersion = 7.3;
						TestTargetID = FEB0E7251D3780730038C2C9;
					};
				};
			};
			buildConfigurationList = FEB0E7211D3780730038C2C9 /* Build configuration list for PBXProject "Transition1" */;
			compatibilityVersion = "Xcode 3.2";
			developmentRegion = English;
			hasScannedForEncodings = 0;
			knownRegions = (
				en,
				Base,
			);
			mainGroup = FEB0E71D1D3780730038C2C9;
			productRefGroup = FEB0E7271D3780730038C2C9 /* Products */;
			projectDirPath = "";
			projectRoot = "";
			targets = (
				FEB0E7251D3780730038C2C9 /* Transition1 */,
				FEB0E73E1D3780730038C2C9 /* Transition1Tests */,
				FEB0E7491D3780730038C2C9 /* Transition1UITests */,
			);
		};
/* End PBXProject section */

/* Begin PBXResourcesBuildPhase section */
		FEB0E7241D3780730038C2C9 /* Resources */ = {
			isa = PBXResourcesBuildPhase;
			buildActionMask = 2147483647;
			files = (
				FEA68CE31D38D2B90087ABD1 /* face1.png in Resources */,
				FEA68CEB1D38D2B90087ABD1 /* search(f).png in Resources */,
				FEA68CE21D38D2B90087ABD1 /* dots.png in Resources */,
				FEB0E7391D3780730038C2C9 /* LaunchScreen.storyboard in Resources */,
				FEA68CE91D38D2B90087ABD1 /* pinIcon.pdf in Resources */,
				FEA68CE01D38D2B90087ABD1 /* Circle.png in Resources */,
				FEBFF6231D38B1210047749B /* item3.png in Resources */,
				FEBFF6211D38B1160047749B /* item2.png in Resources */,
				FEA68CE51D38D2B90087ABD1 /* heand.png in Resources */,
				FEB0E7361D3780730038C2C9 /* Assets.xcassets in Resources */,
				FEA68CED1D38D2B90087ABD1 /* text-1.png in Resources */,
				FEB0E7681D3789140038C2C9 /* CollectionViewCell.xib in Resources */,
				FEBFF61D1D38B0F40047749B /* item0.png in Resources */,
				FEA68CEA1D38D2B90087ABD1 /* pngIcon.png in Resources */,
				FEBFF61F1D38B1080047749B /* item1.png in Resources */,
				FEA68CE81D38D2B90087ABD1 /* map.png in Resources */,
				FEA68CE61D38D2B90087ABD1 /* icons.png in Resources */,
				FEA68CEC1D38D2B90087ABD1 /* stars.png in Resources */,
				FEA68CE41D38D2B90087ABD1 /* face2.png in Resources */,
				FEA68CE11D38D2B90087ABD1 /* close.png in Resources */,
				FEB0E7341D3780730038C2C9 /* Main.storyboard in Resources */,
				FEA68CE71D38D2B90087ABD1 /* image.png in Resources */,
			);
			runOnlyForDeploymentPostprocessing = 0;
		};
		FEB0E73D1D3780730038C2C9 /* Resources */ = {
			isa = PBXResourcesBuildPhase;
			buildActionMask = 2147483647;
			files = (
			);
			runOnlyForDeploymentPostprocessing = 0;
		};
		FEB0E7481D3780730038C2C9 /* Resources */ = {
			isa = PBXResourcesBuildPhase;
			buildActionMask = 2147483647;
			files = (
			);
			runOnlyForDeploymentPostprocessing = 0;
		};
/* End PBXResourcesBuildPhase section */

/* Begin PBXSourcesBuildPhase section */
		FEB0E7221D3780730038C2C9 /* Sources */ = {
			isa = PBXSourcesBuildPhase;
			buildActionMask = 2147483647;
			files = (
				FEB0E7311D3780730038C2C9 /* ViewController.m in Sources */,
				FEBFF6111D3871270047749B /* CustomLayout.m in Sources */,
				FEB0E72E1D3780730038C2C9 /* AppDelegate.m in Sources */,
				FEB0E7671D3789140038C2C9 /* CollectionViewCell.m in Sources */,
				FEA68CF01D38D6380087ABD1 /* ColectionModel.m in Sources */,
				FEB0E72B1D3780730038C2C9 /* main.m in Sources */,
			);
			runOnlyForDeploymentPostprocessing = 0;
		};
		FEB0E73B1D3780730038C2C9 /* Sources */ = {
			isa = PBXSourcesBuildPhase;
			buildActionMask = 2147483647;
			files = (
				FEB0E7441D3780730038C2C9 /* Transition1Tests.m in Sources */,
			);
			runOnlyForDeploymentPostprocessing = 0;
		};
		FEB0E7461D3780730038C2C9 /* Sources */ = {
			isa = PBXSourcesBuildPhase;
			buildActionMask = 2147483647;
			files = (
				FEB0E74F1D3780730038C2C9 /* Transition1UITests.m in Sources */,
			);
			runOnlyForDeploymentPostprocessing = 0;
		};
/* End PBXSourcesBuildPhase section */

/* Begin PBXTargetDependency section */
		FEB0E7411D3780730038C2C9 /* PBXTargetDependency */ = {
			isa = PBXTargetDependency;
			target = FEB0E7251D3780730038C2C9 /* Transition1 */;
			targetProxy = FEB0E7401D3780730038C2C9 /* PBXContainerItemProxy */;
		};
		FEB0E74C1D3780730038C2C9 /* PBXTargetDependency */ = {
			isa = PBXTargetDependency;
			target = FEB0E7251D3780730038C2C9 /* Transition1 */;
			targetProxy = FEB0E74B1D3780730038C2C9 /* PBXContainerItemProxy */;
		};
/* End PBXTargetDependency section */

/* Begin PBXVariantGroup section */
		FEB0E7321D3780730038C2C9 /* Main.storyboard */ = {
			isa = PBXVariantGroup;
			children = (
				FEB0E7331D3780730038C2C9 /* Base */,
			);
			name = Main.storyboard;
			sourceTree = "<group>";
		};
		FEB0E7371D3780730038C2C9 /* LaunchScreen.storyboard */ = {
			isa = PBXVariantGroup;
			children = (
				FEB0E7381D3780730038C2C9 /* Base */,
			);
			name = LaunchScreen.storyboard;
			sourceTree = "<group>";
		};
/* End PBXVariantGroup section */

/* Begin XCBuildConfiguration section */
		FEB0E7511D3780730038C2C9 /* Debug */ = {
			isa = XCBuildConfiguration;
			buildSettings = {
				ALWAYS_SEARCH_USER_PATHS = NO;
				CLANG_ANALYZER_NONNULL = YES;
				CLANG_CXX_LANGUAGE_STANDARD = "gnu++0x";
				CLANG_CXX_LIBRARY = "libc++";
				CLANG_ENABLE_MODULES = YES;
				CLANG_ENABLE_OBJC_ARC = YES;
				CLANG_WARN_BOOL_CONVERSION = YES;
				CLANG_WARN_CONSTANT_CONVERSION = YES;
				CLANG_WARN_DIRECT_OBJC_ISA_USAGE = YES_ERROR;
				CLANG_WARN_EMPTY_BODY = YES;
				CLANG_WARN_ENUM_CONVERSION = YES;
				CLANG_WARN_INT_CONVERSION = YES;
				CLANG_WARN_OBJC_ROOT_CLASS = YES_ERROR;
				CLANG_WARN_UNREACHABLE_CODE = YES;
				CLANG_WARN__DUPLICATE_METHOD_MATCH = YES;
				"CODE_SIGN_IDENTITY[sdk=iphoneos*]" = "iPhone Developer";
				COPY_PHASE_STRIP = NO;
				DEBUG_INFORMATION_FORMAT = dwarf;
				ENABLE_STRICT_OBJC_MSGSEND = YES;
				ENABLE_TESTABILITY = YES;
				GCC_C_LANGUAGE_STANDARD = gnu99;
				GCC_DYNAMIC_NO_PIC = NO;
				GCC_NO_COMMON_BLOCKS = YES;
				GCC_OPTIMIZATION_LEVEL = 0;
				GCC_PREPROCESSOR_DEFINITIONS = (
					"DEBUG=1",
					"$(inherited)",
				);
				GCC_WARN_64_TO_32_BIT_CONVERSION = YES;
				GCC_WARN_ABOUT_RETURN_TYPE = YES_ERROR;
				GCC_WARN_UNDECLARED_SELECTOR = YES;
				GCC_WARN_UNINITIALIZED_AUTOS = YES_AGGRESSIVE;
				GCC_WARN_UNUSED_FUNCTION = YES;
				GCC_WARN_UNUSED_VARIABLE = YES;
				IPHONEOS_DEPLOYMENT_TARGET = 9.3;
				MTL_ENABLE_DEBUG_INFO = YES;
				ONLY_ACTIVE_ARCH = YES;
				SDKROOT = iphoneos;
				TARGETED_DEVICE_FAMILY = "1,2";
			};
			name = Debug;
		};
		FEB0E7521D3780730038C2C9 /* Release */ = {
			isa = XCBuildConfiguration;
			buildSettings = {
				ALWAYS_SEARCH_USER_PATHS = NO;
				CLANG_ANALYZER_NONNULL = YES;
				CLANG_CXX_LANGUAGE_STANDARD = "gnu++0x";
				CLANG_CXX_LIBRARY = "libc++";
				CLANG_ENABLE_MODULES = YES;
				CLANG_ENABLE_OBJC_ARC = YES;
				CLANG_WARN_BOOL_CONVERSION = YES;
				CLANG_WARN_CONSTANT_CONVERSION = YES;
				CLANG_WARN_DIRECT_OBJC_ISA_USAGE = YES_ERROR;
				CLANG_WARN_EMPTY_BODY = YES;
				CLANG_WARN_ENUM_CONVERSION = YES;
				CLANG_WARN_INT_CONVERSION = YES;
				CLANG_WARN_OBJC_ROOT_CLASS = YES_ERROR;
				CLANG_WARN_UNREACHABLE_CODE = YES;
				CLANG_WARN__DUPLICATE_METHOD_MATCH = YES;
				"CODE_SIGN_IDENTITY[sdk=iphoneos*]" = "iPhone Developer";
				COPY_PHASE_STRIP = NO;
				DEBUG_INFORMATION_FORMAT = "dwarf-with-dsym";
				ENABLE_NS_ASSERTIONS = NO;
				ENABLE_STRICT_OBJC_MSGSEND = YES;
				GCC_C_LANGUAGE_STANDARD = gnu99;
				GCC_NO_COMMON_BLOCKS = YES;
				GCC_WARN_64_TO_32_BIT_CONVERSION = YES;
				GCC_WARN_ABOUT_RETURN_TYPE = YES_ERROR;
				GCC_WARN_UNDECLARED_SELECTOR = YES;
				GCC_WARN_UNINITIALIZED_AUTOS = YES_AGGRESSIVE;
				GCC_WARN_UNUSED_FUNCTION = YES;
				GCC_WARN_UNUSED_VARIABLE = YES;
				IPHONEOS_DEPLOYMENT_TARGET = 9.3;
				MTL_ENABLE_DEBUG_INFO = NO;
				SDKROOT = iphoneos;
				TARGETED_DEVICE_FAMILY = "1,2";
				VALIDATE_PRODUCT = YES;
			};
			name = Release;
		};
		FEB0E7541D3780730038C2C9 /* Debug */ = {
			isa = XCBuildConfiguration;
			buildSettings = {
				ASSETCATALOG_COMPILER_APPICON_NAME = AppIcon;
				CODE_SIGN_IDENTITY = "iPhone Developer";
				INFOPLIST_FILE = Transition1/Info.plist;
				LD_RUNPATH_SEARCH_PATHS = "$(inherited) @executable_path/Frameworks";
				PRODUCT_BUNDLE_IDENTIFIER = com.sms.Transition1;
				PRODUCT_NAME = "$(TARGET_NAME)";
			};
			name = Debug;
		};
		FEB0E7551D3780730038C2C9 /* Release */ = {
			isa = XCBuildConfiguration;
			buildSettings = {
				ASSETCATALOG_COMPILER_APPICON_NAME = AppIcon;
				CODE_SIGN_IDENTITY = "iPhone Developer";
				INFOPLIST_FILE = Transition1/Info.plist;
				LD_RUNPATH_SEARCH_PATHS = "$(inherited) @executable_path/Frameworks";
				PRODUCT_BUNDLE_IDENTIFIER = com.sms.Transition1;
				PRODUCT_NAME = "$(TARGET_NAME)";
			};
			name = Release;
		};
		FEB0E7571D3780730038C2C9 /* Debug */ = {
			isa = XCBuildConfiguration;
			buildSettings = {
				BUNDLE_LOADER = "$(TEST_HOST)";
				INFOPLIST_FILE = Transition1Tests/Info.plist;
				LD_RUNPATH_SEARCH_PATHS = "$(inherited) @executable_path/Frameworks @loader_path/Frameworks";
				PRODUCT_BUNDLE_IDENTIFIER = com.sms.Transition1Tests;
				PRODUCT_NAME = "$(TARGET_NAME)";
				TEST_HOST = "$(BUILT_PRODUCTS_DIR)/Transition1.app/Transition1";
			};
			name = Debug;
		};
		FEB0E7581D3780730038C2C9 /* Release */ = {
			isa = XCBuildConfiguration;
			buildSettings = {
				BUNDLE_LOADER = "$(TEST_HOST)";
				INFOPLIST_FILE = Transition1Tests/Info.plist;
				LD_RUNPATH_SEARCH_PATHS = "$(inherited) @executable_path/Frameworks @loader_path/Frameworks";
				PRODUCT_BUNDLE_IDENTIFIER = com.sms.Transition1Tests;
				PRODUCT_NAME = "$(TARGET_NAME)";
				TEST_HOST = "$(BUILT_PRODUCTS_DIR)/Transition1.app/Transition1";
			};
			name = Release;
		};
		FEB0E75A1D3780730038C2C9 /* Debug */ = {
			isa = XCBuildConfiguration;
			buildSettings = {
				INFOPLIST_FILE = Transition1UITests/Info.plist;
				LD_RUNPATH_SEARCH_PATHS = "$(inherited) @executable_path/Frameworks @loader_path/Frameworks";
				PRODUCT_BUNDLE_IDENTIFIER = com.sms.Transition1UITests;
				PRODUCT_NAME = "$(TARGET_NAME)";
				TEST_TARGET_NAME = Transition1;
			};
			name = Debug;
		};
		FEB0E75B1D3780730038C2C9 /* Release */ = {
			isa = XCBuildConfiguration;
			buildSettings = {
				INFOPLIST_FILE = Transition1UITests/Info.plist;
				LD_RUNPATH_SEARCH_PATHS = "$(inherited) @executable_path/Frameworks @loader_path/Frameworks";
				PRODUCT_BUNDLE_IDENTIFIER = com.sms.Transition1UITests;
				PRODUCT_NAME = "$(TARGET_NAME)";
				TEST_TARGET_NAME = Transition1;
			};
			name = Release;
		};
/* End XCBuildConfiguration section */

/* Begin XCConfigurationList section */
		FEB0E7211D3780730038C2C9 /* Build configuration list for PBXProject "Transition1" */ = {
			isa = XCConfigurationList;
			buildConfigurations = (
				FEB0E7511D3780730038C2C9 /* Debug */,
				FEB0E7521D3780730038C2C9 /* Release */,
			);
			defaultConfigurationIsVisible = 0;
			defaultConfigurationName = Release;
		};
		FEB0E7531D3780730038C2C9 /* Build configuration list for PBXNativeTarget "Transition1" */ = {
			isa = XCConfigurationList;
			buildConfigurations = (
				FEB0E7541D3780730038C2C9 /* Debug */,
				FEB0E7551D3780730038C2C9 /* Release */,
			);
			defaultConfigurationIsVisible = 0;
			defaultConfigurationName = Release;
		};
		FEB0E7561D3780730038C2C9 /* Build configuration list for PBXNativeTarget "Transition1Tests" */ = {
			isa = XCConfigurationList;
			buildConfigurations = (
				FEB0E7571D3780730038C2C9 /* Debug */,
				FEB0E7581D3780730038C2C9 /* Release */,
			);
			defaultConfigurationIsVisible = 0;
			defaultConfigurationName = Release;
		};
		FEB0E7591D3780730038C2C9 /* Build configuration list for PBXNativeTarget "Transition1UITests" */ = {
			isa = XCConfigurationList;
			buildConfigurations = (
				FEB0E75A1D3780730038C2C9 /* Debug */,
				FEB0E75B1D3780730038C2C9 /* Release */,
			);
			defaultConfigurationIsVisible = 0;
			defaultConfigurationName = Release;
		};
/* End XCConfigurationList section */
	};
	rootObject = FEB0E71E1D3780730038C2C9 /* Project object */;
}
